
Microsoft Visual Studio Solution File, Format Version 12.00
Project("{FAE04EC0-301F-11D3-BF4B-00C04F79EFBC}") = "TABP.Api", "src\TABP.Api\TABP.Api.csproj", "{94CE9912-37AE-4709-8BAA-142CFF634AD0}"
EndProject
Project("{FAE04EC0-301F-11D3-BF4B-00C04F79EFBC}") = "TABP.Infrastructure", "src\TABP.Infrastructure\TABP.Infrastructure.csproj", "{B223293D-5133-4452-97FC-FF7E637A1B13}"
EndProject
Project("{FAE04EC0-301F-11D3-BF4B-00C04F79EFBC}") = "TABP.Domain", "src\TABP.Domain\TABP.Domain.csproj", "{642B0D35-20FC-490E-8CC4-CC3C4A09282B}"
EndProject
Project("{FAE04EC0-301F-11D3-BF4B-00C04F79EFBC}") = "TABP.Application", "src\TABP.Application\TABP.Application.csproj", "{20F16FE6-B4FE-4B07-AB04-8F39E9A35D79}"
EndProject
Project("{FAE04EC0-301F-11D3-BF4B-00C04F79EFBC}") = "TABP.Architecture.Tests", "tests\TABP.Architecture.Tests\TABP.Architecture.Tests.csproj", "{DEA45D38-CF56-4736-A8CD-C968B3009BD9}"
EndProject
Project("{2150E333-8FDC-42A3-9474-1A3956D46DE8}") = "src", "src", "{2D1E96F3-C922-45F8-9AC9-5419510F62B0}"
EndProject
Project("{2150E333-8FDC-42A3-9474-1A3956D46DE8}") = "tests", "tests", "{61E8BD19-7FCE-4B38-8048-985C39A409B4}"
EndProject
Project("{FAE04EC0-301F-11D3-BF4B-00C04F79EFBC}") = "TABP.Shared", "src\TABP.Shared\TABP.Shared.csproj", "{E6AAAAB6-0B1F-4E86-8FCC-1493CD82D9B0}"
EndProject
Project("{2150E333-8FDC-42A3-9474-1A3956D46DE8}") = "Solution Items", "Solution Items", "{67F99726-16E5-4D11-83B6-4692E2746347}"
	ProjectSection(SolutionItems) = preProject
		docker-compose.yml = docker-compose.yml
	EndProjectSection
EndProject
Global
	GlobalSection(SolutionConfigurationPlatforms) = preSolution
		Debug|Any CPU = Debug|Any CPU
		Release|Any CPU = Release|Any CPU
	EndGlobalSection
	GlobalSection(ProjectConfigurationPlatforms) = postSolution
		{94CE9912-37AE-4709-8BAA-142CFF634AD0}.Debug|Any CPU.ActiveCfg = Debug|Any CPU
		{94CE9912-37AE-4709-8BAA-142CFF634AD0}.Debug|Any CPU.Build.0 = Debug|Any CPU
		{94CE9912-37AE-4709-8BAA-142CFF634AD0}.Release|Any CPU.ActiveCfg = Release|Any CPU
		{94CE9912-37AE-4709-8BAA-142CFF634AD0}.Release|Any CPU.Build.0 = Release|Any CPU
		{B223293D-5133-4452-97FC-FF7E637A1B13}.Debug|Any CPU.ActiveCfg = Debug|Any CPU
		{B223293D-5133-4452-97FC-FF7E637A1B13}.Debug|Any CPU.Build.0 = Debug|Any CPU
		{B223293D-5133-4452-97FC-FF7E637A1B13}.Release|Any CPU.ActiveCfg = Release|Any CPU
		{B223293D-5133-4452-97FC-FF7E637A1B13}.Release|Any CPU.Build.0 = Release|Any CPU
		{642B0D35-20FC-490E-8CC4-CC3C4A09282B}.Debug|Any CPU.ActiveCfg = Debug|Any CPU
		{642B0D35-20FC-490E-8CC4-CC3C4A09282B}.Debug|Any CPU.Build.0 = Debug|Any CPU
		{642B0D35-20FC-490E-8CC4-CC3C4A09282B}.Release|Any CPU.ActiveCfg = Release|Any CPU
		{642B0D35-20FC-490E-8CC4-CC3C4A09282B}.Release|Any CPU.Build.0 = Release|Any CPU
		{20F16FE6-B4FE-4B07-AB04-8F39E9A35D79}.Debug|Any CPU.ActiveCfg = Debug|Any CPU
		{20F16FE6-B4FE-4B07-AB04-8F39E9A35D79}.Debug|Any CPU.Build.0 = Debug|Any CPU
		{20F16FE6-B4FE-4B07-AB04-8F39E9A35D79}.Release|Any CPU.ActiveCfg = Release|Any CPU
		{20F16FE6-B4FE-4B07-AB04-8F39E9A35D79}.Release|Any CPU.Build.0 = Release|Any CPU
		{DEA45D38-CF56-4736-A8CD-C968B3009BD9}.Debug|Any CPU.ActiveCfg = Debug|Any CPU
		{DEA45D38-CF56-4736-A8CD-C968B3009BD9}.Debug|Any CPU.Build.0 = Debug|Any CPU
		{DEA45D38-CF56-4736-A8CD-C968B3009BD9}.Release|Any CPU.ActiveCfg = Release|Any CPU
		{DEA45D38-CF56-4736-A8CD-C968B3009BD9}.Release|Any CPU.Build.0 = Release|Any CPU
		{E6AAAAB6-0B1F-4E86-8FCC-1493CD82D9B0}.Debug|Any CPU.ActiveCfg = Debug|Any CPU
		{E6AAAAB6-0B1F-4E86-8FCC-1493CD82D9B0}.Debug|Any CPU.Build.0 = Debug|Any CPU
		{E6AAAAB6-0B1F-4E86-8FCC-1493CD82D9B0}.Release|Any CPU.ActiveCfg = Release|Any CPU
		{E6AAAAB6-0B1F-4E86-8FCC-1493CD82D9B0}.Release|Any CPU.Build.0 = Release|Any CPU
	EndGlobalSection
	GlobalSection(NestedProjects) = preSolution
		{94CE9912-37AE-4709-8BAA-142CFF634AD0} = {2D1E96F3-C922-45F8-9AC9-5419510F62B0}
		{20F16FE6-B4FE-4B07-AB04-8F39E9A35D79} = {2D1E96F3-C922-45F8-9AC9-5419510F62B0}
		{642B0D35-20FC-490E-8CC4-CC3C4A09282B} = {2D1E96F3-C922-45F8-9AC9-5419510F62B0}
		{B223293D-5133-4452-97FC-FF7E637A1B13} = {2D1E96F3-C922-45F8-9AC9-5419510F62B0}
		{DEA45D38-CF56-4736-A8CD-C968B3009BD9} = {61E8BD19-7FCE-4B38-8048-985C39A409B4}
		{E6AAAAB6-0B1F-4E86-8FCC-1493CD82D9B0} = {2D1E96F3-C922-45F8-9AC9-5419510F62B0}
	EndGlobalSection
EndGlobal
